// !$*UTF8*$!
{
	archiveVersion = 1;
	classes = {
	};
	objectVersion = 46;
	objects = {

/* Begin PBXBuildFile section */
		86660EB61F22AE4700D148AB /* AppDelegate.swift in Sources */ = {isa = PBXBuildFile; fileRef = 86660EB51F22AE4700D148AB /* AppDelegate.swift */; };
		86660EB81F22AE4700D148AB /* ViewController.swift in Sources */ = {isa = PBXBuildFile; fileRef = 86660EB71F22AE4700D148AB /* ViewController.swift */; };
		86660EBB1F22AE4700D148AB /* Main.storyboard in Resources */ = {isa = PBXBuildFile; fileRef = 86660EB91F22AE4700D148AB /* Main.storyboard */; };
		86660EBD1F22AE4700D148AB /* Assets.xcassets in Resources */ = {isa = PBXBuildFile; fileRef = 86660EBC1F22AE4700D148AB /* Assets.xcassets */; };
		86660EC01F22AE4700D148AB /* LaunchScreen.storyboard in Resources */ = {isa = PBXBuildFile; fileRef = 86660EBE1F22AE4700D148AB /* LaunchScreen.storyboard */; };
		868F82201F25747200BD8DE2 /* AmusementPark.swift in Sources */ = {isa = PBXBuildFile; fileRef = 868F821F1F25747200BD8DE2 /* AmusementPark.swift */; };
		868F82221F2574B400BD8DE2 /* EntrantModel.swift in Sources */ = {isa = PBXBuildFile; fileRef = 868F82211F2574B400BD8DE2 /* EntrantModel.swift */; };
		868F82251F25752E00BD8DE2 /* AccessDenied.wav in Resources */ = {isa = PBXBuildFile; fileRef = 868F82231F25752E00BD8DE2 /* AccessDenied.wav */; };
		868F82261F25752E00BD8DE2 /* AccessGranted.wav in Resources */ = {isa = PBXBuildFile; fileRef = 868F82241F25752E00BD8DE2 /* AccessGranted.wav */; };
/* End PBXBuildFile section */

/* Begin PBXFileReference section */
		86660EB21F22AE4700D148AB /* AmusementParkPassGenerator.app */ = {isa = PBXFileReference; explicitFileType = wrapper.application; includeInIndex = 0; path = AmusementParkPassGenerator.app; sourceTree = BUILT_PRODUCTS_DIR; };
		86660EB51F22AE4700D148AB /* AppDelegate.swift */ = {isa = PBXFileReference; lastKnownFileType = sourcecode.swift; path = AppDelegate.swift; sourceTree = "<group>"; };
		86660EB71F22AE4700D148AB /* ViewController.swift */ = {isa = PBXFileReference; lastKnownFileType = sourcecode.swift; path = ViewController.swift; sourceTree = "<group>"; };
		86660EBA1F22AE4700D148AB /* Base */ = {isa = PBXFileReference; lastKnownFileType = file.storyboard; name = Base; path = Base.lproj/Main.storyboard; sourceTree = "<group>"; };
		86660EBC1F22AE4700D148AB /* Assets.xcassets */ = {isa = PBXFileReference; lastKnownFileType = folder.assetcatalog; path = Assets.xcassets; sourceTree = "<group>"; };
		86660EBF1F22AE4700D148AB /* Base */ = {isa = PBXFileReference; lastKnownFileType = file.storyboard; name = Base; path = Base.lproj/LaunchScreen.storyboard; sourceTree = "<group>"; };
		86660EC11F22AE4700D148AB /* Info.plist */ = {isa = PBXFileReference; lastKnownFileType = text.plist.xml; path = Info.plist; sourceTree = "<group>"; };
		868F821F1F25747200BD8DE2 /* AmusementPark.swift */ = {isa = PBXFileReference; fileEncoding = 4; lastKnownFileType = sourcecode.swift; path = AmusementPark.swift; sourceTree = "<group>"; };
		868F82211F2574B400BD8DE2 /* EntrantModel.swift */ = {isa = PBXFileReference; fileEncoding = 4; lastKnownFileType = sourcecode.swift; path = EntrantModel.swift; sourceTree = "<group>"; };
		868F82231F25752E00BD8DE2 /* AccessDenied.wav */ = {isa = PBXFileReference; lastKnownFileType = audio.wav; path = AccessDenied.wav; sourceTree = "<group>"; };
		868F82241F25752E00BD8DE2 /* AccessGranted.wav */ = {isa = PBXFileReference; lastKnownFileType = audio.wav; path = AccessGranted.wav; sourceTree = "<group>"; };
/* End PBXFileReference section */

/* Begin PBXFrameworksBuildPhase section */
		86660EAF1F22AE4700D148AB /* Frameworks */ = {
			isa = PBXFrameworksBuildPhase;
			buildActionMask = 2147483647;
			files = (
			);
			runOnlyForDeploymentPostprocessing = 0;
		};
/* End PBXFrameworksBuildPhase section */

/* Begin PBXGroup section */
		86660EA91F22AE4700D148AB = {
			isa = PBXGroup;
			children = (
				86660EB41F22AE4700D148AB /* AmusementParkPassGenerator */,
				86660EB31F22AE4700D148AB /* Products */,
			);
			sourceTree = "<group>";
		};
		86660EB31F22AE4700D148AB /* Products */ = {
			isa = PBXGroup;
			children = (
				86660EB21F22AE4700D148AB /* AmusementParkPassGenerator.app */,
			);
			name = Products;
			sourceTree = "<group>";
		};
		86660EB41F22AE4700D148AB /* AmusementParkPassGenerator */ = {
			isa = PBXGroup;
			children = (
				86660EB51F22AE4700D148AB /* AppDelegate.swift */,
				86660EB71F22AE4700D148AB /* ViewController.swift */,
				868F821F1F25747200BD8DE2 /* AmusementPark.swift */,
				868F82211F2574B400BD8DE2 /* EntrantModel.swift */,
				86660EB91F22AE4700D148AB /* Main.storyboard */,
				86660EBC1F22AE4700D148AB /* Assets.xcassets */,
				868F82241F25752E00BD8DE2 /* AccessGranted.wav */,
				868F82231F25752E00BD8DE2 /* AccessDenied.wav */,
				86660EBE1F22AE4700D148AB /* LaunchScreen.storyboard */,
				86660EC11F22AE4700D148AB /* Info.plist */,
			);
			path = AmusementParkPassGenerator;
			sourceTree = "<group>";
		};
/* End PBXGroup section */

/* Begin PBXNativeTarget section */
		86660EB11F22AE4700D148AB /* AmusementParkPassGenerator */ = {
			isa = PBXNativeTarget;
			buildConfigurationList = 86660EC41F22AE4700D148AB /* Build configuration list for PBXNativeTarget "AmusementParkPassGenerator" */;
			buildPhases = (
				86660EAE1F22AE4700D148AB /* Sources */,
				86660EAF1F22AE4700D148AB /* Frameworks */,
				86660EB01F22AE4700D148AB /* Resources */,
			);
			buildRules = (
			);
			dependencies = (
			);
			name = AmusementParkPassGenerator;
			productName = AmusementParkPassGenerator;
			productReference = 86660EB21F22AE4700D148AB /* AmusementParkPassGenerator.app */;
			productType = "com.apple.product-type.application";
		};
/* End PBXNativeTarget section */

/* Begin PBXProject section */
		86660EAA1F22AE4700D148AB /* Project object */ = {
			isa = PBXProject;
			attributes = {
				LastSwiftUpdateCheck = 0830;
				LastUpgradeCheck = 0830;
				ORGANIZATIONNAME = "Rohit Devnani";
				TargetAttributes = {
					86660EB11F22AE4700D148AB = {
						CreatedOnToolsVersion = 8.3.1;
						DevelopmentTeam = A8EWPTUQQ6;
						ProvisioningStyle = Automatic;
					};
				};
			};
			buildConfigurationList = 86660EAD1F22AE4700D148AB /* Build configuration list for PBXProject "AmusementParkPassGenerator" */;
			compatibilityVersion = "Xcode 3.2";
			developmentRegion = English;
			hasScannedForEncodings = 0;
			knownRegions = (
				en,
				Base,
			);
			mainGroup = 86660EA91F22AE4700D148AB;
			productRefGroup = 86660EB31F22AE4700D148AB /* Products */;
			projectDirPath = "";
			projectRoot = "";
			targets = (
				86660EB11F22AE4700D148AB /* AmusementParkPassGenerator */,
			);
		};
/* End PBXProject section */

/* Begin PBXResourcesBuildPhase section */
		86660EB01F22AE4700D148AB /* Resources */ = {
			isa = PBXResourcesBuildPhase;
			buildActionMask = 2147483647;
			files = (
				86660EC01F22AE4700D148AB /* LaunchScreen.storyboard in Resources */,
				868F82261F25752E00BD8DE2 /* AccessGranted.wav in Resources */,
				86660EBD1F22AE4700D148AB /* Assets.xcassets in Resources */,
				86660EBB1F22AE4700D148AB /* Main.storyboard in Resources */,
				868F82251F25752E00BD8DE2 /* AccessDenied.wav in Resources */,
			);
			runOnlyForDeploymentPostprocessing = 0;
		};
/* End PBXResourcesBuildPhase section */

/* Begin PBXSourcesBuildPhase section */
		86660EAE1F22AE4700D148AB /* Sources */ = {
			isa = PBXSourcesBuildPhase;
			buildActionMask = 2147483647;
			files = (
				86660EB81F22AE4700D148AB /* ViewController.swift in Sources */,
				86660EB61F22AE4700D148AB /* AppDelegate.swift in Sources */,
				868F82221F2574B400BD8DE2 /* EntrantModel.swift in Sources */,
				868F82201F25747200BD8DE2 /* AmusementPark.swift in Sources */,
			);
			runOnlyForDeploymentPostprocessing = 0;
		};
/* End PBXSourcesBuildPhase section */

/* Begin PBXVariantGroup section */
		86660EB91F22AE4700D148AB /* Main.storyboard */ = {
			isa = PBXVariantGroup;
			children = (
				86660EBA1F22AE4700D148AB /* Base */,
			);
			name = Main.storyboard;
			sourceTree = "<group>";
		};
		86660EBE1F22AE4700D148AB /* LaunchScreen.storyboard */ = {
			isa = PBXVariantGroup;
			children = (
				86660EBF1F22AE4700D148AB /* Base */,
			);
			name = LaunchScreen.storyboard;
			sourceTree = "<group>";
		};
/* End PBXVariantGroup section */

/* Begin XCBuildConfiguration section */
		86660EC21F22AE4700D148AB /* Debug */ = {
			isa = XCBuildConfiguration;
			buildSettings = {
				ALWAYS_SEARCH_USER_PATHS = NO;
				CLANG_ANALYZER_NONNULL = YES;
				CLANG_ANALYZER_NUMBER_OBJECT_CONVERSION = YES_AGGRESSIVE;
				CLANG_CXX_LANGUAGE_STANDARD = "gnu++0x";
				CLANG_CXX_LIBRARY = "libc++";
				CLANG_ENABLE_MODULES = YES;
				CLANG_ENABLE_OBJC_ARC = YES;
				CLANG_WARN_BOOL_CONVERSION = YES;
				CLANG_WARN_CONSTANT_CONVERSION = YES;
				CLANG_WARN_DIRECT_OBJC_ISA_USAGE = YES_ERROR;
				CLANG_WARN_DOCUMENTATION_COMMENTS = YES;
				CLANG_WARN_EMPTY_BODY = YES;
				CLANG_WARN_ENUM_CONVERSION = YES;
				CLANG_WARN_INFINITE_RECURSION = YES;
				CLANG_WARN_INT_CONVERSION = YES;
				CLANG_WARN_OBJC_ROOT_CLASS = YES_ERROR;
				CLANG_WARN_SUSPICIOUS_MOVE = YES;
				CLANG_WARN_UNREACHABLE_CODE = YES;
				CLANG_WARN__DUPLICATE_METHOD_MATCH = YES;
				"CODE_SIGN_IDENTITY[sdk=iphoneos*]" = "iPhone Developer";
				COPY_PHASE_STRIP = NO;
				DEBUG_INFORMATION_FORMAT = dwarf;
				ENABLE_STRICT_OBJC_MSGSEND = YES;
				ENABLE_TESTABILITY = YES;
				GCC_C_LANGUAGE_STANDARD = gnu99;
				GCC_DYNAMIC_NO_PIC = NO;
				GCC_NO_COMMON_BLOCKS = YES;
				GCC_OPTIMIZATION_LEVEL = 0;
				GCC_PREPROCESSOR_DEFINITIONS = (
					"DEBUG=1",
					"$(inherited)",
				);
				GCC_WARN_64_TO_32_BIT_CONVERSION = YES;
				GCC_WARN_ABOUT_RETURN_TYPE = YES_ERROR;
				GCC_WARN_UNDECLARED_SELECTOR = YES;
				GCC_WARN_UNINITIALIZED_AUTOS = YES_AGGRESSIVE;
				GCC_WARN_UNUSED_FUNCTION = YES;
				GCC_WARN_UNUSED_VARIABLE = YES;
				IPHONEOS_DEPLOYMENT_TARGET = 10.3;
				MTL_ENABLE_DEBUG_INFO = YES;
				ONLY_ACTIVE_ARCH = YES;
				SDKROOT = iphoneos;
				SWIFT_ACTIVE_COMPILATION_CONDITIONS = DEBUG;
				SWIFT_OPTIMIZATION_LEVEL = "-Onone";
			};
			name = Debug;
		};
		86660EC31F22AE4700D148AB /* Release */ = {
			isa = XCBuildConfiguration;
			buildSettings = {
				ALWAYS_SEARCH_USER_PATHS = NO;
				CLANG_ANALYZER_NONNULL = YES;
				CLANG_ANALYZER_NUMBER_OBJECT_CONVERSION = YES_AGGRESSIVE;
				CLANG_CXX_LANGUAGE_STANDARD = "gnu++0x";
				CLANG_CXX_LIBRARY = "libc++";
				CLANG_ENABLE_MODULES = YES;
				CLANG_ENABLE_OBJC_ARC = YES;
				CLANG_WARN_BOOL_CONVERSION = YES;
				CLANG_WARN_CONSTANT_CONVERSION = YES;
				CLANG_WARN_DIRECT_OBJC_ISA_USAGE = YES_ERROR;
				CLANG_WARN_DOCUMENTATION_COMMENTS = YES;
				CLANG_WARN_EMPTY_BODY = YES;
				CLANG_WARN_ENUM_CONVERSION = YES;
				CLANG_WARN_INFINITE_RECURSION = YES;
				CLANG_WARN_INT_CONVERSION = YES;
				CLANG_WARN_OBJC_ROOT_CLASS = YES_ERROR;
				CLANG_WARN_SUSPICIOUS_MOVE = YES;
				CLANG_WARN_UNREACHABLE_CODE = YES;
				CLANG_WARN__DUPLICATE_METHOD_MATCH = YES;
				"CODE_SIGN_IDENTITY[sdk=iphoneos*]" = "iPhone Developer";
				COPY_PHASE_STRIP = NO;
				DEBUG_INFORMATION_FORMAT = "dwarf-with-dsym";
				ENABLE_NS_ASSERTIONS = NO;
				ENABLE_STRICT_OBJC_MSGSEND = YES;
				GCC_C_LANGUAGE_STANDARD = gnu99;
				GCC_NO_COMMON_BLOCKS = YES;
				GCC_WARN_64_TO_32_BIT_CONVERSION = YES;
				GCC_WARN_ABOUT_RETURN_TYPE = YES_ERROR;
				GCC_WARN_UNDECLARED_SELECTOR = YES;
				GCC_WARN_UNINITIALIZED_AUTOS = YES_AGGRESSIVE;
				GCC_WARN_UNUSED_FUNCTION = YES;
				GCC_WARN_UNUSED_VARIABLE = YES;
				IPHONEOS_DEPLOYMENT_TARGET = 10.3;
				MTL_ENABLE_DEBUG_INFO = NO;
				SDKROOT = iphoneos;
				SWIFT_OPTIMIZATION_LEVEL = "-Owholemodule";
				VALIDATE_PRODUCT = YES;
			};
			name = Release;
		};
		86660EC51F22AE4700D148AB /* Debug */ = {
			isa = XCBuildConfiguration;
			buildSettings = {
				ASSETCATALOG_COMPILER_APPICON_NAME = AppIcon;
				DEVELOPMENT_TEAM = A8EWPTUQQ6;
				INFOPLIST_FILE = AmusementParkPassGenerator/Info.plist;
				LD_RUNPATH_SEARCH_PATHS = "$(inherited) @executable_path/Frameworks";
				PRODUCT_BUNDLE_IDENTIFIER = com.rohit.AmusementParkPassGenerator;
				PRODUCT_NAME = "$(TARGET_NAME)";
				SWIFT_VERSION = 3.0;
			};
			name = Debug;
		};
		86660EC61F22AE4700D148AB /* Release */ = {
			isa = XCBuildConfiguration;
			buildSettings = {
				ASSETCATALOG_COMPILER_APPICON_NAME = AppIcon;
				DEVELOPMENT_TEAM = A8EWPTUQQ6;
				INFOPLIST_FILE = AmusementParkPassGenerator/Info.plist;
				LD_RUNPATH_SEARCH_PATHS = "$(inherited) @executable_path/Frameworks";
				PRODUCT_BUNDLE_IDENTIFIER = com.rohit.AmusementParkPassGenerator;
				PRODUCT_NAME = "$(TARGET_NAME)";
				SWIFT_VERSION = 3.0;
			};
			name = Release;
		};
/* End XCBuildConfiguration section */

/* Begin XCConfigurationList section */
		86660EAD1F22AE4700D148AB /* Build configuration list for PBXProject "AmusementParkPassGenerator" */ = {
			isa = XCConfigurationList;
			buildConfigurations = (
				86660EC21F22AE4700D148AB /* Debug */,
				86660EC31F22AE4700D148AB /* Release */,
			);
			defaultConfigurationIsVisible = 0;
			defaultConfigurationName = Release;
		};
		86660EC41F22AE4700D148AB /* Build configuration list for PBXNativeTarget "AmusementParkPassGenerator" */ = {
			isa = XCConfigurationList;
			buildConfigurations = (
				86660EC51F22AE4700D148AB /* Debug */,
				86660EC61F22AE4700D148AB /* Release */,
			);
			defaultConfigurationIsVisible = 0;
			defaultConfigurationName = Release;
		};
/* End XCConfigurationList section */
	};
	rootObject = 86660EAA1F22AE4700D148AB /* Project object */;
}
